<?xml version="1.0" encoding="UTF-8" standalone="yes" ?>
<CodeBlocks_project_file>
   <FileVersion major="1" minor="6" />
   <Project>
      <Option title="h2o" />
      <Option makefile_is_custom="1" />
      <Option compiler="gcc" />
      <Option virtualFolders="CMake Files\;CMake Files\deps\;CMake Files\deps\picotls\;CMake Files\deps\picotls\cmake\;CMake Files\cmake\;CMake Files\picotls-cli-prefix\;CMake Files\picotls-cli-prefix\tmp\;" />
      <Build>
      <Target title="all">
         <Option working_dir="/home/magic/h2o-mphttp" />
         <Option type="4" />
         <MakeCommands>
            <Build command="/usr/bin/make -f &quot;/home/magic/h2o-mphttp/Makefile&quot;  VERBOSE=1 all" />
            <CompileFile command="/usr/bin/make -f &quot;/home/magic/h2o-mphttp/Makefile&quot;  VERBOSE=1 &quot;$file&quot;" />
            <Clean command="/usr/bin/make -f &quot;/home/magic/h2o-mphttp/Makefile&quot;  VERBOSE=1 clean" />
            <DistClean command="/usr/bin/make -f &quot;/home/magic/h2o-mphttp/Makefile&quot;  VERBOSE=1 clean" />
         </MakeCommands>
      </Target>
      <Target title="install">
         <Option working_dir="/home/magic/h2o-mphttp" />
         <Option type="4" />
         <MakeCommands>
            <Build command="/usr/bin/make -f &quot;/home/magic/h2o-mphttp/Makefile&quot;  VERBOSE=1 install" />
            <CompileFile command="/usr/bin/make -f &quot;/home/magic/h2o-mphttp/Makefile&quot;  VERBOSE=1 &quot;$file&quot;" />
            <Clean command="/usr/bin/make -f &quot;/home/magic/h2o-mphttp/Makefile&quot;  VERBOSE=1 clean" />
            <DistClean command="/usr/bin/make -f &quot;/home/magic/h2o-mphttp/Makefile&quot;  VERBOSE=1 clean" />
         </MakeCommands>
      </Target>
      <Target title="rebuild_cache">
         <Option working_dir="/home/magic/h2o-mphttp" />
         <Option type="4" />
         <MakeCommands>
            <Build command="/usr/bin/make -f &quot;/home/magic/h2o-mphttp/Makefile&quot;  VERBOSE=1 rebuild_cache" />
            <CompileFile command="/usr/bin/make -f &quot;/home/magic/h2o-mphttp/Makefile&quot;  VERBOSE=1 &quot;$file&quot;" />
            <Clean command="/usr/bin/make -f &quot;/home/magic/h2o-mphttp/Makefile&quot;  VERBOSE=1 clean" />
            <DistClean command="/usr/bin/make -f &quot;/home/magic/h2o-mphttp/Makefile&quot;  VERBOSE=1 clean" />
         </MakeCommands>
      </Target>
      <Target title="list_install_components">
         <Option working_dir="/home/magic/h2o-mphttp" />
         <Option type="4" />
         <MakeCommands>
            <Build command="/usr/bin/make -f &quot;/home/magic/h2o-mphttp/Makefile&quot;  VERBOSE=1 list_install_components" />
            <CompileFile command="/usr/bin/make -f &quot;/home/magic/h2o-mphttp/Makefile&quot;  VERBOSE=1 &quot;$file&quot;" />
            <Clean command="/usr/bin/make -f &quot;/home/magic/h2o-mphttp/Makefile&quot;  VERBOSE=1 clean" />
            <DistClean command="/usr/bin/make -f &quot;/home/magic/h2o-mphttp/Makefile&quot;  VERBOSE=1 clean" />
         </MakeCommands>
      </Target>
      <Target title="install/strip">
         <Option working_dir="/home/magic/h2o-mphttp" />
         <Option type="4" />
         <MakeCommands>
            <Build command="/usr/bin/make -f &quot;/home/magic/h2o-mphttp/Makefile&quot;  VERBOSE=1 install/strip" />
            <CompileFile command="/usr/bin/make -f &quot;/home/magic/h2o-mphttp/Makefile&quot;  VERBOSE=1 &quot;$file&quot;" />
            <Clean command="/usr/bin/make -f &quot;/home/magic/h2o-mphttp/Makefile&quot;  VERBOSE=1 clean" />
            <DistClean command="/usr/bin/make -f &quot;/home/magic/h2o-mphttp/Makefile&quot;  VERBOSE=1 clean" />
         </MakeCommands>
      </Target>
      <Target title="check-valgrind">
         <Option working_dir="/home/magic/h2o-mphttp" />
         <Option type="4" />
         <MakeCommands>
            <Build command="/usr/bin/make -f &quot;/home/magic/h2o-mphttp/Makefile&quot;  VERBOSE=1 check-valgrind" />
            <CompileFile command="/usr/bin/make -f &quot;/home/magic/h2o-mphttp/Makefile&quot;  VERBOSE=1 &quot;$file&quot;" />
            <Clean command="/usr/bin/make -f &quot;/home/magic/h2o-mphttp/Makefile&quot;  VERBOSE=1 clean" />
            <DistClean command="/usr/bin/make -f &quot;/home/magic/h2o-mphttp/Makefile&quot;  VERBOSE=1 clean" />
         </MakeCommands>
      </Target>
      <Target title="picotls-cli">
         <Option working_dir="/home/magic/h2o-mphttp" />
         <Option type="4" />
         <MakeCommands>
            <Build command="/usr/bin/make -f &quot;/home/magic/h2o-mphttp/Makefile&quot;  VERBOSE=1 picotls-cli" />
            <CompileFile command="/usr/bin/make -f &quot;/home/magic/h2o-mphttp/Makefile&quot;  VERBOSE=1 &quot;$file&quot;" />
            <Clean command="/usr/bin/make -f &quot;/home/magic/h2o-mphttp/Makefile&quot;  VERBOSE=1 clean" />
            <DistClean command="/usr/bin/make -f &quot;/home/magic/h2o-mphttp/Makefile&quot;  VERBOSE=1 clean" />
         </MakeCommands>
      </Target>
      <Target title="install/local">
         <Option working_dir="/home/magic/h2o-mphttp" />
         <Option type="4" />
         <MakeCommands>
            <Build command="/usr/bin/make -f &quot;/home/magic/h2o-mphttp/Makefile&quot;  VERBOSE=1 install/local" />
            <CompileFile command="/usr/bin/make -f &quot;/home/magic/h2o-mphttp/Makefile&quot;  VERBOSE=1 &quot;$file&quot;" />
            <Clean command="/usr/bin/make -f &quot;/home/magic/h2o-mphttp/Makefile&quot;  VERBOSE=1 clean" />
            <DistClean command="/usr/bin/make -f &quot;/home/magic/h2o-mphttp/Makefile&quot;  VERBOSE=1 clean" />
         </MakeCommands>
      </Target>
      <Target title="h2o-httpclient">
         <Option output="/home/magic/h2o-mphttp/bin/h2o-httpclient" prefix_auto="0" extension_auto="0" />
         <Option working_dir="/home/magic/h2o-mphttp" />
         <Option object_output="./" />
         <Option type="1" />
         <Option compiler="gcc" />
         <Compiler>
            <Add option="-DLIBC_HAS_BACKTRACE" />
            <Add directory="/home/magic/h2o-mphttp" />
            <Add directory="/home/magic/h2o-mphttp/deps/brotli/c/include" />
            <Add directory="/home/magic/h2o-mphttp/deps/cloexec" />
            <Add directory="/home/magic/h2o-mphttp/deps/golombset" />
            <Add directory="/home/magic/h2o-mphttp/deps/hiredis" />
            <Add directory="/home/magic/h2o-mphttp/deps/klib" />
            <Add directory="/home/magic/h2o-mphttp/deps/libgkc" />
            <Add directory="/home/magic/h2o-mphttp/deps/libyrmcds" />
            <Add directory="/home/magic/h2o-mphttp/deps/neverbleed" />
            <Add directory="/home/magic/h2o-mphttp/deps/picohttpparser" />
            <Add directory="/home/magic/h2o-mphttp/deps/picotest" />
            <Add directory="/home/magic/h2o-mphttp/deps/picotls/deps/cifra/src" />
            <Add directory="/home/magic/h2o-mphttp/deps/picotls/deps/cifra/src/ext" />
            <Add directory="/home/magic/h2o-mphttp/deps/picotls/deps/micro-ecc" />
            <Add directory="/home/magic/h2o-mphttp/deps/picotls/include" />
            <Add directory="/home/magic/h2o-mphttp/deps/quicly/include" />
            <Add directory="/home/magic/h2o-mphttp/deps/yaml/include" />
            <Add directory="/home/magic/h2o-mphttp/deps/yoml" />
            <Add directory="/home/magic/h2o-mphttp/include" />
         </Compiler>
         <MakeCommands>
            <Build command="/usr/bin/make -f &quot;/home/magic/h2o-mphttp/Makefile&quot;  VERBOSE=1 h2o-httpclient" />
            <CompileFile command="/usr/bin/make -f &quot;/home/magic/h2o-mphttp/Makefile&quot;  VERBOSE=1 &quot;$file&quot;" />
            <Clean command="/usr/bin/make -f &quot;/home/magic/h2o-mphttp/Makefile&quot;  VERBOSE=1 clean" />
            <DistClean command="/usr/bin/make -f &quot;/home/magic/h2o-mphttp/Makefile&quot;  VERBOSE=1 clean" />
         </MakeCommands>
      </Target>
      <Target title="h2o-httpclient/fast">
         <Option output="/home/magic/h2o-mphttp/bin/h2o-httpclient" prefix_auto="0" extension_auto="0" />
         <Option working_dir="/home/magic/h2o-mphttp" />
         <Option object_output="./" />
         <Option type="1" />
         <Option compiler="gcc" />
         <Compiler>
            <Add option="-DLIBC_HAS_BACKTRACE" />
            <Add directory="/home/magic/h2o-mphttp" />
            <Add directory="/home/magic/h2o-mphttp/deps/brotli/c/include" />
            <Add directory="/home/magic/h2o-mphttp/deps/cloexec" />
            <Add directory="/home/magic/h2o-mphttp/deps/golombset" />
            <Add directory="/home/magic/h2o-mphttp/deps/hiredis" />
            <Add directory="/home/magic/h2o-mphttp/deps/klib" />
            <Add directory="/home/magic/h2o-mphttp/deps/libgkc" />
            <Add directory="/home/magic/h2o-mphttp/deps/libyrmcds" />
            <Add directory="/home/magic/h2o-mphttp/deps/neverbleed" />
            <Add directory="/home/magic/h2o-mphttp/deps/picohttpparser" />
            <Add directory="/home/magic/h2o-mphttp/deps/picotest" />
            <Add directory="/home/magic/h2o-mphttp/deps/picotls/deps/cifra/src" />
            <Add directory="/home/magic/h2o-mphttp/deps/picotls/deps/cifra/src/ext" />
            <Add directory="/home/magic/h2o-mphttp/deps/picotls/deps/micro-ecc" />
            <Add directory="/home/magic/h2o-mphttp/deps/picotls/include" />
            <Add directory="/home/magic/h2o-mphttp/deps/quicly/include" />
            <Add directory="/home/magic/h2o-mphttp/deps/yaml/include" />
            <Add directory="/home/magic/h2o-mphttp/deps/yoml" />
            <Add directory="/home/magic/h2o-mphttp/include" />
         </Compiler>
         <MakeCommands>
            <Build command="/usr/bin/make -f &quot;/home/magic/h2o-mphttp/Makefile&quot;  VERBOSE=1 h2o-httpclient/fast" />
            <CompileFile command="/usr/bin/make -f &quot;/home/magic/h2o-mphttp/Makefile&quot;  VERBOSE=1 &quot;$file&quot;" />
            <Clean command="/usr/bin/make -f &quot;/home/magic/h2o-mphttp/Makefile&quot;  VERBOSE=1 clean" />
            <DistClean command="/usr/bin/make -f &quot;/home/magic/h2o-mphttp/Makefile&quot;  VERBOSE=1 clean" />
         </MakeCommands>
      </Target>
      <Target title="check">
         <Option working_dir="/home/magic/h2o-mphttp" />
         <Option type="4" />
         <MakeCommands>
            <Build command="/usr/bin/make -f &quot;/home/magic/h2o-mphttp/Makefile&quot;  VERBOSE=1 check" />
            <CompileFile command="/usr/bin/make -f &quot;/home/magic/h2o-mphttp/Makefile&quot;  VERBOSE=1 &quot;$file&quot;" />
            <Clean command="/usr/bin/make -f &quot;/home/magic/h2o-mphttp/Makefile&quot;  VERBOSE=1 clean" />
            <DistClean command="/usr/bin/make -f &quot;/home/magic/h2o-mphttp/Makefile&quot;  VERBOSE=1 clean" />
         </MakeCommands>
      </Target>
      <Target title="edit_cache">
         <Option working_dir="/home/magic/h2o-mphttp" />
         <Option type="4" />
         <MakeCommands>
            <Build command="/usr/bin/make -f &quot;/home/magic/h2o-mphttp/Makefile&quot;  VERBOSE=1 edit_cache" />
            <CompileFile command="/usr/bin/make -f &quot;/home/magic/h2o-mphttp/Makefile&quot;  VERBOSE=1 &quot;$file&quot;" />
            <Clean command="/usr/bin/make -f &quot;/home/magic/h2o-mphttp/Makefile&quot;  VERBOSE=1 clean" />
            <DistClean command="/usr/bin/make -f &quot;/home/magic/h2o-mphttp/Makefile&quot;  VERBOSE=1 clean" />
         </MakeCommands>
      </Target>
      <Target title="libh2o-evloop">
         <Option output="/home/magic/h2o-mphttp/libh2o-evloop.a" prefix_auto="0" extension_auto="0" />
         <Option working_dir="/home/magic/h2o-mphttp" />
         <Option object_output="./" />
         <Option type="2" />
         <Option compiler="gcc" />
         <Compiler>
            <Add option="-DLIBC_HAS_BACKTRACE" />
            <Add directory="/home/magic/h2o-mphttp" />
            <Add directory="/home/magic/h2o-mphttp/deps/brotli/c/include" />
            <Add directory="/home/magic/h2o-mphttp/deps/cloexec" />
            <Add directory="/home/magic/h2o-mphttp/deps/golombset" />
            <Add directory="/home/magic/h2o-mphttp/deps/hiredis" />
            <Add directory="/home/magic/h2o-mphttp/deps/klib" />
            <Add directory="/home/magic/h2o-mphttp/deps/libgkc" />
            <Add directory="/home/magic/h2o-mphttp/deps/libyrmcds" />
            <Add directory="/home/magic/h2o-mphttp/deps/neverbleed" />
            <Add directory="/home/magic/h2o-mphttp/deps/picohttpparser" />
            <Add directory="/home/magic/h2o-mphttp/deps/picotest" />
            <Add directory="/home/magic/h2o-mphttp/deps/picotls/deps/cifra/src" />
            <Add directory="/home/magic/h2o-mphttp/deps/picotls/deps/cifra/src/ext" />
            <Add directory="/home/magic/h2o-mphttp/deps/picotls/deps/micro-ecc" />
            <Add directory="/home/magic/h2o-mphttp/deps/picotls/include" />
            <Add directory="/home/magic/h2o-mphttp/deps/quicly/include" />
            <Add directory="/home/magic/h2o-mphttp/deps/yaml/include" />
            <Add directory="/home/magic/h2o-mphttp/deps/yoml" />
            <Add directory="/home/magic/h2o-mphttp/include" />
         </Compiler>
         <MakeCommands>
            <Build command="/usr/bin/make -f &quot;/home/magic/h2o-mphttp/Makefile&quot;  VERBOSE=1 libh2o-evloop" />
            <CompileFile command="/usr/bin/make -f &quot;/home/magic/h2o-mphttp/Makefile&quot;  VERBOSE=1 &quot;$file&quot;" />
            <Clean command="/usr/bin/make -f &quot;/home/magic/h2o-mphttp/Makefile&quot;  VERBOSE=1 clean" />
            <DistClean command="/usr/bin/make -f &quot;/home/magic/h2o-mphttp/Makefile&quot;  VERBOSE=1 clean" />
         </MakeCommands>
      </Target>
      <Target title="libh2o-evloop/fast">
         <Option output="/home/magic/h2o-mphttp/libh2o-evloop.a" prefix_auto="0" extension_auto="0" />
         <Option working_dir="/home/magic/h2o-mphttp" />
         <Option object_output="./" />
         <Option type="2" />
         <Option compiler="gcc" />
         <Compiler>
            <Add option="-DLIBC_HAS_BACKTRACE" />
            <Add directory="/home/magic/h2o-mphttp" />
            <Add directory="/home/magic/h2o-mphttp/deps/brotli/c/include" />
            <Add directory="/home/magic/h2o-mphttp/deps/cloexec" />
            <Add directory="/home/magic/h2o-mphttp/deps/golombset" />
            <Add directory="/home/magic/h2o-mphttp/deps/hiredis" />
            <Add directory="/home/magic/h2o-mphttp/deps/klib" />
            <Add directory="/home/magic/h2o-mphttp/deps/libgkc" />
            <Add directory="/home/magic/h2o-mphttp/deps/libyrmcds" />
            <Add directory="/home/magic/h2o-mphttp/deps/neverbleed" />
            <Add directory="/home/magic/h2o-mphttp/deps/picohttpparser" />
            <Add directory="/home/magic/h2o-mphttp/deps/picotest" />
            <Add directory="/home/magic/h2o-mphttp/deps/picotls/deps/cifra/src" />
            <Add directory="/home/magic/h2o-mphttp/deps/picotls/deps/cifra/src/ext" />
            <Add directory="/home/magic/h2o-mphttp/deps/picotls/deps/micro-ecc" />
            <Add directory="/home/magic/h2o-mphttp/deps/picotls/include" />
            <Add directory="/home/magic/h2o-mphttp/deps/quicly/include" />
            <Add directory="/home/magic/h2o-mphttp/deps/yaml/include" />
            <Add directory="/home/magic/h2o-mphttp/deps/yoml" />
            <Add directory="/home/magic/h2o-mphttp/include" />
         </Compiler>
         <MakeCommands>
            <Build command="/usr/bin/make -f &quot;/home/magic/h2o-mphttp/Makefile&quot;  VERBOSE=1 libh2o-evloop/fast" />
            <CompileFile command="/usr/bin/make -f &quot;/home/magic/h2o-mphttp/Makefile&quot;  VERBOSE=1 &quot;$file&quot;" />
            <Clean command="/usr/bin/make -f &quot;/home/magic/h2o-mphttp/Makefile&quot;  VERBOSE=1 clean" />
            <DistClean command="/usr/bin/make -f &quot;/home/magic/h2o-mphttp/Makefile&quot;  VERBOSE=1 clean" />
         </MakeCommands>
      </Target>
      <Target title="libh2o">
         <Option output="/home/magic/h2o-mphttp/libh2o.a" prefix_auto="0" extension_auto="0" />
         <Option working_dir="/home/magic/h2o-mphttp" />
         <Option object_output="./" />
         <Option type="2" />
         <Option compiler="gcc" />
         <Compiler>
            <Add option="-DLIBC_HAS_BACKTRACE" />
            <Add directory="/home/magic/h2o-mphttp" />
            <Add directory="/home/magic/h2o-mphttp/deps/brotli/c/include" />
            <Add directory="/home/magic/h2o-mphttp/deps/cloexec" />
            <Add directory="/home/magic/h2o-mphttp/deps/golombset" />
            <Add directory="/home/magic/h2o-mphttp/deps/hiredis" />
            <Add directory="/home/magic/h2o-mphttp/deps/klib" />
            <Add directory="/home/magic/h2o-mphttp/deps/libgkc" />
            <Add directory="/home/magic/h2o-mphttp/deps/libyrmcds" />
            <Add directory="/home/magic/h2o-mphttp/deps/neverbleed" />
            <Add directory="/home/magic/h2o-mphttp/deps/picohttpparser" />
            <Add directory="/home/magic/h2o-mphttp/deps/picotest" />
            <Add directory="/home/magic/h2o-mphttp/deps/picotls/deps/cifra/src" />
            <Add directory="/home/magic/h2o-mphttp/deps/picotls/deps/cifra/src/ext" />
            <Add directory="/home/magic/h2o-mphttp/deps/picotls/deps/micro-ecc" />
            <Add directory="/home/magic/h2o-mphttp/deps/picotls/include" />
            <Add directory="/home/magic/h2o-mphttp/deps/quicly/include" />
            <Add directory="/home/magic/h2o-mphttp/deps/yaml/include" />
            <Add directory="/home/magic/h2o-mphttp/deps/yoml" />
            <Add directory="/home/magic/h2o-mphttp/include" />
         </Compiler>
         <MakeCommands>
            <Build command="/usr/bin/make -f &quot;/home/magic/h2o-mphttp/Makefile&quot;  VERBOSE=1 libh2o" />
            <CompileFile command="/usr/bin/make -f &quot;/home/magic/h2o-mphttp/Makefile&quot;  VERBOSE=1 &quot;$file&quot;" />
            <Clean command="/usr/bin/make -f &quot;/home/magic/h2o-mphttp/Makefile&quot;  VERBOSE=1 clean" />
            <DistClean command="/usr/bin/make -f &quot;/home/magic/h2o-mphttp/Makefile&quot;  VERBOSE=1 clean" />
         </MakeCommands>
      </Target>
      <Target title="libh2o/fast">
         <Option output="/home/magic/h2o-mphttp/libh2o.a" prefix_auto="0" extension_auto="0" />
         <Option working_dir="/home/magic/h2o-mphttp" />
         <Option object_output="./" />
         <Option type="2" />
         <Option compiler="gcc" />
         <Compiler>
            <Add option="-DLIBC_HAS_BACKTRACE" />
            <Add directory="/home/magic/h2o-mphttp" />
            <Add directory="/home/magic/h2o-mphttp/deps/brotli/c/include" />
            <Add directory="/home/magic/h2o-mphttp/deps/cloexec" />
            <Add directory="/home/magic/h2o-mphttp/deps/golombset" />
            <Add directory="/home/magic/h2o-mphttp/deps/hiredis" />
            <Add directory="/home/magic/h2o-mphttp/deps/klib" />
            <Add directory="/home/magic/h2o-mphttp/deps/libgkc" />
            <Add directory="/home/magic/h2o-mphttp/deps/libyrmcds" />
            <Add directory="/home/magic/h2o-mphttp/deps/neverbleed" />
            <Add directory="/home/magic/h2o-mphttp/deps/picohttpparser" />
            <Add directory="/home/magic/h2o-mphttp/deps/picotest" />
            <Add directory="/home/magic/h2o-mphttp/deps/picotls/deps/cifra/src" />
            <Add directory="/home/magic/h2o-mphttp/deps/picotls/deps/cifra/src/ext" />
            <Add directory="/home/magic/h2o-mphttp/deps/picotls/deps/micro-ecc" />
            <Add directory="/home/magic/h2o-mphttp/deps/picotls/include" />
            <Add directory="/home/magic/h2o-mphttp/deps/quicly/include" />
            <Add directory="/home/magic/h2o-mphttp/deps/yaml/include" />
            <Add directory="/home/magic/h2o-mphttp/deps/yoml" />
            <Add directory="/home/magic/h2o-mphttp/include" />
         </Compiler>
         <MakeCommands>
            <Build command="/usr/bin/make -f &quot;/home/magic/h2o-mphttp/Makefile&quot;  VERBOSE=1 libh2o/fast" />
            <CompileFile command="/usr/bin/make -f &quot;/home/magic/h2o-mphttp/Makefile&quot;  VERBOSE=1 &quot;$file&quot;" />
            <Clean command="/usr/bin/make -f &quot;/home/magic/h2o-mphttp/Makefile&quot;  VERBOSE=1 clean" />
            <DistClean command="/usr/bin/make -f &quot;/home/magic/h2o-mphttp/Makefile&quot;  VERBOSE=1 clean" />
         </MakeCommands>
      </Target>
      <Target title="t-00unit-evloop.t">
         <Option output="/home/magic/h2o-mphttp/t-00unit-evloop.t" prefix_auto="0" extension_auto="0" />
         <Option working_dir="/home/magic/h2o-mphttp" />
         <Option object_output="./" />
         <Option type="1" />
         <Option compiler="gcc" />
         <Compiler>
            <Add option="-DLIBC_HAS_BACKTRACE" />
            <Add directory="/home/magic/h2o-mphttp" />
            <Add directory="/home/magic/h2o-mphttp/deps/brotli/c/include" />
            <Add directory="/home/magic/h2o-mphttp/deps/cloexec" />
            <Add directory="/home/magic/h2o-mphttp/deps/golombset" />
            <Add directory="/home/magic/h2o-mphttp/deps/hiredis" />
            <Add directory="/home/magic/h2o-mphttp/deps/klib" />
            <Add directory="/home/magic/h2o-mphttp/deps/libgkc" />
            <Add directory="/home/magic/h2o-mphttp/deps/libyrmcds" />
            <Add directory="/home/magic/h2o-mphttp/deps/neverbleed" />
            <Add directory="/home/magic/h2o-mphttp/deps/picohttpparser" />
            <Add directory="/home/magic/h2o-mphttp/deps/picotest" />
            <Add directory="/home/magic/h2o-mphttp/deps/picotls/deps/cifra/src" />
            <Add directory="/home/magic/h2o-mphttp/deps/picotls/deps/cifra/src/ext" />
            <Add directory="/home/magic/h2o-mphttp/deps/picotls/deps/micro-ecc" />
            <Add directory="/home/magic/h2o-mphttp/deps/picotls/include" />
            <Add directory="/home/magic/h2o-mphttp/deps/quicly/include" />
            <Add directory="/home/magic/h2o-mphttp/deps/yaml/include" />
            <Add directory="/home/magic/h2o-mphttp/deps/yoml" />
            <Add directory="/home/magic/h2o-mphttp/include" />
         </Compiler>
         <MakeCommands>
            <Build command="/usr/bin/make -f &quot;/home/magic/h2o-mphttp/Makefile&quot;  VERBOSE=1 t-00unit-evloop.t" />
            <CompileFile command="/usr/bin/make -f &quot;/home/magic/h2o-mphttp/Makefile&quot;  VERBOSE=1 &quot;$file&quot;" />
            <Clean command="/usr/bin/make -f &quot;/home/magic/h2o-mphttp/Makefile&quot;  VERBOSE=1 clean" />
            <DistClean command="/usr/bin/make -f &quot;/home/magic/h2o-mphttp/Makefile&quot;  VERBOSE=1 clean" />
         </MakeCommands>
      </Target>
      <Target title="t-00unit-evloop.t/fast">
         <Option output="/home/magic/h2o-mphttp/t-00unit-evloop.t" prefix_auto="0" extension_auto="0" />
         <Option working_dir="/home/magic/h2o-mphttp" />
         <Option object_output="./" />
         <Option type="1" />
         <Option compiler="gcc" />
         <Compiler>
            <Add option="-DLIBC_HAS_BACKTRACE" />
            <Add directory="/home/magic/h2o-mphttp" />
            <Add directory="/home/magic/h2o-mphttp/deps/brotli/c/include" />
            <Add directory="/home/magic/h2o-mphttp/deps/cloexec" />
            <Add directory="/home/magic/h2o-mphttp/deps/golombset" />
            <Add directory="/home/magic/h2o-mphttp/deps/hiredis" />
            <Add directory="/home/magic/h2o-mphttp/deps/klib" />
            <Add directory="/home/magic/h2o-mphttp/deps/libgkc" />
            <Add directory="/home/magic/h2o-mphttp/deps/libyrmcds" />
            <Add directory="/home/magic/h2o-mphttp/deps/neverbleed" />
            <Add directory="/home/magic/h2o-mphttp/deps/picohttpparser" />
            <Add directory="/home/magic/h2o-mphttp/deps/picotest" />
            <Add directory="/home/magic/h2o-mphttp/deps/picotls/deps/cifra/src" />
            <Add directory="/home/magic/h2o-mphttp/deps/picotls/deps/cifra/src/ext" />
            <Add directory="/home/magic/h2o-mphttp/deps/picotls/deps/micro-ecc" />
            <Add directory="/home/magic/h2o-mphttp/deps/picotls/include" />
            <Add directory="/home/magic/h2o-mphttp/deps/quicly/include" />
            <Add directory="/home/magic/h2o-mphttp/deps/yaml/include" />
            <Add directory="/home/magic/h2o-mphttp/deps/yoml" />
            <Add directory="/home/magic/h2o-mphttp/include" />
         </Compiler>
         <MakeCommands>
            <Build command="/usr/bin/make -f &quot;/home/magic/h2o-mphttp/Makefile&quot;  VERBOSE=1 t-00unit-evloop.t/fast" />
            <CompileFile command="/usr/bin/make -f &quot;/home/magic/h2o-mphttp/Makefile&quot;  VERBOSE=1 &quot;$file&quot;" />
            <Clean command="/usr/bin/make -f &quot;/home/magic/h2o-mphttp/Makefile&quot;  VERBOSE=1 clean" />
            <DistClean command="/usr/bin/make -f &quot;/home/magic/h2o-mphttp/Makefile&quot;  VERBOSE=1 clean" />
         </MakeCommands>
      </Target>
      <Target title="doc-publish">
         <Option working_dir="/home/magic/h2o-mphttp" />
         <Option type="4" />
         <MakeCommands>
            <Build command="/usr/bin/make -f &quot;/home/magic/h2o-mphttp/Makefile&quot;  VERBOSE=1 doc-publish" />
            <CompileFile command="/usr/bin/make -f &quot;/home/magic/h2o-mphttp/Makefile&quot;  VERBOSE=1 &quot;$file&quot;" />
            <Clean command="/usr/bin/make -f &quot;/home/magic/h2o-mphttp/Makefile&quot;  VERBOSE=1 clean" />
            <DistClean command="/usr/bin/make -f &quot;/home/magic/h2o-mphttp/Makefile&quot;  VERBOSE=1 clean" />
         </MakeCommands>
      </Target>
      <Target title="h2o">
         <Option output="/home/magic/h2o-mphttp/h2o" prefix_auto="0" extension_auto="0" />
         <Option working_dir="/home/magic/h2o-mphttp" />
         <Option object_output="./" />
         <Option type="1" />
         <Option compiler="gcc" />
         <Compiler>
            <Add option="-DLIBC_HAS_BACKTRACE" />
            <Add directory="/home/magic/h2o-mphttp" />
            <Add directory="/home/magic/h2o-mphttp/deps/brotli/c/include" />
            <Add directory="/home/magic/h2o-mphttp/deps/cloexec" />
            <Add directory="/home/magic/h2o-mphttp/deps/golombset" />
            <Add directory="/home/magic/h2o-mphttp/deps/hiredis" />
            <Add directory="/home/magic/h2o-mphttp/deps/klib" />
            <Add directory="/home/magic/h2o-mphttp/deps/libgkc" />
            <Add directory="/home/magic/h2o-mphttp/deps/libyrmcds" />
            <Add directory="/home/magic/h2o-mphttp/deps/neverbleed" />
            <Add directory="/home/magic/h2o-mphttp/deps/picohttpparser" />
            <Add directory="/home/magic/h2o-mphttp/deps/picotest" />
            <Add directory="/home/magic/h2o-mphttp/deps/picotls/deps/cifra/src" />
            <Add directory="/home/magic/h2o-mphttp/deps/picotls/deps/cifra/src/ext" />
            <Add directory="/home/magic/h2o-mphttp/deps/picotls/deps/micro-ecc" />
            <Add directory="/home/magic/h2o-mphttp/deps/picotls/include" />
            <Add directory="/home/magic/h2o-mphttp/deps/quicly/include" />
            <Add directory="/home/magic/h2o-mphttp/deps/yaml/include" />
            <Add directory="/home/magic/h2o-mphttp/deps/yoml" />
            <Add directory="/home/magic/h2o-mphttp/include" />
         </Compiler>
         <MakeCommands>
            <Build command="/usr/bin/make -f &quot;/home/magic/h2o-mphttp/Makefile&quot;  VERBOSE=1 h2o" />
            <CompileFile command="/usr/bin/make -f &quot;/home/magic/h2o-mphttp/Makefile&quot;  VERBOSE=1 &quot;$file&quot;" />
            <Clean command="/usr/bin/make -f &quot;/home/magic/h2o-mphttp/Makefile&quot;  VERBOSE=1 clean" />
            <DistClean command="/usr/bin/make -f &quot;/home/magic/h2o-mphttp/Makefile&quot;  VERBOSE=1 clean" />
         </MakeCommands>
      </Target>
      <Target title="h2o/fast">
         <Option output="/home/magic/h2o-mphttp/h2o" prefix_auto="0" extension_auto="0" />
         <Option working_dir="/home/magic/h2o-mphttp" />
         <Option object_output="./" />
         <Option type="1" />
         <Option compiler="gcc" />
         <Compiler>
            <Add option="-DLIBC_HAS_BACKTRACE" />
            <Add directory="/home/magic/h2o-mphttp" />
            <Add directory="/home/magic/h2o-mphttp/deps/brotli/c/include" />
            <Add directory="/home/magic/h2o-mphttp/deps/cloexec" />
            <Add directory="/home/magic/h2o-mphttp/deps/golombset" />
            <Add directory="/home/magic/h2o-mphttp/deps/hiredis" />
            <Add directory="/home/magic/h2o-mphttp/deps/klib" />
            <Add directory="/home/magic/h2o-mphttp/deps/libgkc" />
            <Add directory="/home/magic/h2o-mphttp/deps/libyrmcds" />
            <Add directory="/home/magic/h2o-mphttp/deps/neverbleed" />
            <Add directory="/home/magic/h2o-mphttp/deps/picohttpparser" />
            <Add directory="/home/magic/h2o-mphttp/deps/picotest" />
            <Add directory="/home/magic/h2o-mphttp/deps/picotls/deps/cifra/src" />
            <Add directory="/home/magic/h2o-mphttp/deps/picotls/deps/cifra/src/ext" />
            <Add directory="/home/magic/h2o-mphttp/deps/picotls/deps/micro-ecc" />
            <Add directory="/home/magic/h2o-mphttp/deps/picotls/include" />
            <Add directory="/home/magic/h2o-mphttp/deps/quicly/include" />
            <Add directory="/home/magic/h2o-mphttp/deps/yaml/include" />
            <Add directory="/home/magic/h2o-mphttp/deps/yoml" />
            <Add directory="/home/magic/h2o-mphttp/include" />
         </Compiler>
         <MakeCommands>
            <Build command="/usr/bin/make -f &quot;/home/magic/h2o-mphttp/Makefile&quot;  VERBOSE=1 h2o/fast" />
            <CompileFile command="/usr/bin/make -f &quot;/home/magic/h2o-mphttp/Makefile&quot;  VERBOSE=1 &quot;$file&quot;" />
            <Clean command="/usr/bin/make -f &quot;/home/magic/h2o-mphttp/Makefile&quot;  VERBOSE=1 clean" />
            <DistClean command="/usr/bin/make -f &quot;/home/magic/h2o-mphttp/Makefile&quot;  VERBOSE=1 clean" />
         </MakeCommands>
      </Target>
      <Target title="h2o-mphttp">
         <Option output="/home/magic/h2o-mphttp/bin/h2o-mphttp" prefix_auto="0" extension_auto="0" />
         <Option working_dir="/home/magic/h2o-mphttp" />
         <Option object_output="./" />
         <Option type="1" />
         <Option compiler="gcc" />
         <Compiler>
            <Add option="-DLIBC_HAS_BACKTRACE" />
            <Add directory="/home/magic/h2o-mphttp" />
            <Add directory="/home/magic/h2o-mphttp/deps/brotli/c/include" />
            <Add directory="/home/magic/h2o-mphttp/deps/cloexec" />
            <Add directory="/home/magic/h2o-mphttp/deps/golombset" />
            <Add directory="/home/magic/h2o-mphttp/deps/hiredis" />
            <Add directory="/home/magic/h2o-mphttp/deps/klib" />
            <Add directory="/home/magic/h2o-mphttp/deps/libgkc" />
            <Add directory="/home/magic/h2o-mphttp/deps/libyrmcds" />
            <Add directory="/home/magic/h2o-mphttp/deps/neverbleed" />
            <Add directory="/home/magic/h2o-mphttp/deps/picohttpparser" />
            <Add directory="/home/magic/h2o-mphttp/deps/picotest" />
            <Add directory="/home/magic/h2o-mphttp/deps/picotls/deps/cifra/src" />
            <Add directory="/home/magic/h2o-mphttp/deps/picotls/deps/cifra/src/ext" />
            <Add directory="/home/magic/h2o-mphttp/deps/picotls/deps/micro-ecc" />
            <Add directory="/home/magic/h2o-mphttp/deps/picotls/include" />
            <Add directory="/home/magic/h2o-mphttp/deps/quicly/include" />
            <Add directory="/home/magic/h2o-mphttp/deps/yaml/include" />
            <Add directory="/home/magic/h2o-mphttp/deps/yoml" />
            <Add directory="/home/magic/h2o-mphttp/include" />
         </Compiler>
         <MakeCommands>
            <Build command="/usr/bin/make -f &quot;/home/magic/h2o-mphttp/Makefile&quot;  VERBOSE=1 h2o-mphttp" />
            <CompileFile command="/usr/bin/make -f &quot;/home/magic/h2o-mphttp/Makefile&quot;  VERBOSE=1 &quot;$file&quot;" />
            <Clean command="/usr/bin/make -f &quot;/home/magic/h2o-mphttp/Makefile&quot;  VERBOSE=1 clean" />
            <DistClean command="/usr/bin/make -f &quot;/home/magic/h2o-mphttp/Makefile&quot;  VERBOSE=1 clean" />
         </MakeCommands>
      </Target>
      <Target title="h2o-mphttp/fast">
         <Option output="/home/magic/h2o-mphttp/bin/h2o-mphttp" prefix_auto="0" extension_auto="0" />
         <Option working_dir="/home/magic/h2o-mphttp" />
         <Option object_output="./" />
         <Option type="1" />
         <Option compiler="gcc" />
         <Compiler>
            <Add option="-DLIBC_HAS_BACKTRACE" />
            <Add directory="/home/magic/h2o-mphttp" />
            <Add directory="/home/magic/h2o-mphttp/deps/brotli/c/include" />
            <Add directory="/home/magic/h2o-mphttp/deps/cloexec" />
            <Add directory="/home/magic/h2o-mphttp/deps/golombset" />
            <Add directory="/home/magic/h2o-mphttp/deps/hiredis" />
            <Add directory="/home/magic/h2o-mphttp/deps/klib" />
            <Add directory="/home/magic/h2o-mphttp/deps/libgkc" />
            <Add directory="/home/magic/h2o-mphttp/deps/libyrmcds" />
            <Add directory="/home/magic/h2o-mphttp/deps/neverbleed" />
            <Add directory="/home/magic/h2o-mphttp/deps/picohttpparser" />
            <Add directory="/home/magic/h2o-mphttp/deps/picotest" />
            <Add directory="/home/magic/h2o-mphttp/deps/picotls/deps/cifra/src" />
            <Add directory="/home/magic/h2o-mphttp/deps/picotls/deps/cifra/src/ext" />
            <Add directory="/home/magic/h2o-mphttp/deps/picotls/deps/micro-ecc" />
            <Add directory="/home/magic/h2o-mphttp/deps/picotls/include" />
            <Add directory="/home/magic/h2o-mphttp/deps/quicly/include" />
            <Add directory="/home/magic/h2o-mphttp/deps/yaml/include" />
            <Add directory="/home/magic/h2o-mphttp/deps/yoml" />
            <Add directory="/home/magic/h2o-mphttp/include" />
         </Compiler>
         <MakeCommands>
            <Build command="/usr/bin/make -f &quot;/home/magic/h2o-mphttp/Makefile&quot;  VERBOSE=1 h2o-mphttp/fast" />
            <CompileFile command="/usr/bin/make -f &quot;/home/magic/h2o-mphttp/Makefile&quot;  VERBOSE=1 &quot;$file&quot;" />
            <Clean command="/usr/bin/make -f &quot;/home/magic/h2o-mphttp/Makefile&quot;  VERBOSE=1 clean" />
            <DistClean command="/usr/bin/make -f &quot;/home/magic/h2o-mphttp/Makefile&quot;  VERBOSE=1 clean" />
         </MakeCommands>
      </Target>
      <Target title="doc">
         <Option working_dir="/home/magic/h2o-mphttp" />
         <Option type="4" />
         <MakeCommands>
            <Build command="/usr/bin/make -f &quot;/home/magic/h2o-mphttp/Makefile&quot;  VERBOSE=1 doc" />
            <CompileFile command="/usr/bin/make -f &quot;/home/magic/h2o-mphttp/Makefile&quot;  VERBOSE=1 &quot;$file&quot;" />
            <Clean command="/usr/bin/make -f &quot;/home/magic/h2o-mphttp/Makefile&quot;  VERBOSE=1 clean" />
            <DistClean command="/usr/bin/make -f &quot;/home/magic/h2o-mphttp/Makefile&quot;  VERBOSE=1 clean" />
         </MakeCommands>
      </Target>
      <Target title="t-qif">
         <Option output="/home/magic/h2o-mphttp/t-qif" prefix_auto="0" extension_auto="0" />
         <Option working_dir="/home/magic/h2o-mphttp" />
         <Option object_output="./" />
         <Option type="1" />
         <Option compiler="gcc" />
         <Compiler>
            <Add option="-DLIBC_HAS_BACKTRACE" />
            <Add directory="/home/magic/h2o-mphttp" />
            <Add directory="/home/magic/h2o-mphttp/deps/brotli/c/include" />
            <Add directory="/home/magic/h2o-mphttp/deps/cloexec" />
            <Add directory="/home/magic/h2o-mphttp/deps/golombset" />
            <Add directory="/home/magic/h2o-mphttp/deps/hiredis" />
            <Add directory="/home/magic/h2o-mphttp/deps/klib" />
            <Add directory="/home/magic/h2o-mphttp/deps/libgkc" />
            <Add directory="/home/magic/h2o-mphttp/deps/libyrmcds" />
            <Add directory="/home/magic/h2o-mphttp/deps/neverbleed" />
            <Add directory="/home/magic/h2o-mphttp/deps/picohttpparser" />
            <Add directory="/home/magic/h2o-mphttp/deps/picotest" />
            <Add directory="/home/magic/h2o-mphttp/deps/picotls/deps/cifra/src" />
            <Add directory="/home/magic/h2o-mphttp/deps/picotls/deps/cifra/src/ext" />
            <Add directory="/home/magic/h2o-mphttp/deps/picotls/deps/micro-ecc" />
            <Add directory="/home/magic/h2o-mphttp/deps/picotls/include" />
            <Add directory="/home/magic/h2o-mphttp/deps/quicly/include" />
            <Add directory="/home/magic/h2o-mphttp/deps/yaml/include" />
            <Add directory="/home/magic/h2o-mphttp/deps/yoml" />
            <Add directory="/home/magic/h2o-mphttp/include" />
         </Compiler>
         <MakeCommands>
            <Build command="/usr/bin/make -f &quot;/home/magic/h2o-mphttp/Makefile&quot;  VERBOSE=1 t-qif" />
            <CompileFile command="/usr/bin/make -f &quot;/home/magic/h2o-mphttp/Makefile&quot;  VERBOSE=1 &quot;$file&quot;" />
            <Clean command="/usr/bin/make -f &quot;/home/magic/h2o-mphttp/Makefile&quot;  VERBOSE=1 clean" />
            <DistClean command="/usr/bin/make -f &quot;/home/magic/h2o-mphttp/Makefile&quot;  VERBOSE=1 clean" />
         </MakeCommands>
      </Target>
      <Target title="t-qif/fast">
         <Option output="/home/magic/h2o-mphttp/t-qif" prefix_auto="0" extension_auto="0" />
         <Option working_dir="/home/magic/h2o-mphttp" />
         <Option object_output="./" />
         <Option type="1" />
         <Option compiler="gcc" />
         <Compiler>
            <Add option="-DLIBC_HAS_BACKTRACE" />
            <Add directory="/home/magic/h2o-mphttp" />
            <Add directory="/home/magic/h2o-mphttp/deps/brotli/c/include" />
            <Add directory="/home/magic/h2o-mphttp/deps/cloexec" />
            <Add directory="/home/magic/h2o-mphttp/deps/golombset" />
            <Add directory="/home/magic/h2o-mphttp/deps/hiredis" />
            <Add directory="/home/magic/h2o-mphttp/deps/klib" />
            <Add directory="/home/magic/h2o-mphttp/deps/libgkc" />
            <Add directory="/home/magic/h2o-mphttp/deps/libyrmcds" />
            <Add directory="/home/magic/h2o-mphttp/deps/neverbleed" />
            <Add directory="/home/magic/h2o-mphttp/deps/picohttpparser" />
            <Add directory="/home/magic/h2o-mphttp/deps/picotest" />
            <Add directory="/home/magic/h2o-mphttp/deps/picotls/deps/cifra/src" />
            <Add directory="/home/magic/h2o-mphttp/deps/picotls/deps/cifra/src/ext" />
            <Add directory="/home/magic/h2o-mphttp/deps/picotls/deps/micro-ecc" />
            <Add directory="/home/magic/h2o-mphttp/deps/picotls/include" />
            <Add directory="/home/magic/h2o-mphttp/deps/quicly/include" />
            <Add directory="/home/magic/h2o-mphttp/deps/yaml/include" />
            <Add directory="/home/magic/h2o-mphttp/deps/yoml" />
            <Add directory="/home/magic/h2o-mphttp/include" />
         </Compiler>
         <MakeCommands>
            <Build command="/usr/bin/make -f &quot;/home/magic/h2o-mphttp/Makefile&quot;  VERBOSE=1 t-qif/fast" />
            <CompileFile command="/usr/bin/make -f &quot;/home/magic/h2o-mphttp/Makefile&quot;  VERBOSE=1 &quot;$file&quot;" />
            <Clean command="/usr/bin/make -f &quot;/home/magic/h2o-mphttp/Makefile&quot;  VERBOSE=1 clean" />
            <DistClean command="/usr/bin/make -f &quot;/home/magic/h2o-mphttp/Makefile&quot;  VERBOSE=1 clean" />
         </MakeCommands>
      </Target>
      <Target title="doc-clean">
         <Option working_dir="/home/magic/h2o-mphttp" />
         <Option type="4" />
         <MakeCommands>
            <Build command="/usr/bin/make -f &quot;/home/magic/h2o-mphttp/Makefile&quot;  VERBOSE=1 doc-clean" />
            <CompileFile command="/usr/bin/make -f &quot;/home/magic/h2o-mphttp/Makefile&quot;  VERBOSE=1 &quot;$file&quot;" />
            <Clean command="/usr/bin/make -f &quot;/home/magic/h2o-mphttp/Makefile&quot;  VERBOSE=1 clean" />
            <DistClean command="/usr/bin/make -f &quot;/home/magic/h2o-mphttp/Makefile&quot;  VERBOSE=1 clean" />
         </MakeCommands>
      </Target>
      </Build>
      <Unit filename="/home/magic/h2o-mphttp/deps/brotli/c/common/dictionary.c">
         <Option target="t-00unit-evloop.t"/>
         <Option target="h2o"/>
      </Unit>
      <Unit filename="/home/magic/h2o-mphttp/deps/brotli/c/common/dictionary.h">
         <Option target="t-00unit-evloop.t"/>
         <Option target="h2o"/>
      </Unit>
      <Unit filename="/home/magic/h2o-mphttp/deps/brotli/c/enc/backward_references.c">
         <Option target="t-00unit-evloop.t"/>
         <Option target="h2o"/>
      </Unit>
      <Unit filename="/home/magic/h2o-mphttp/deps/brotli/c/enc/backward_references.h">
         <Option target="t-00unit-evloop.t"/>
         <Option target="h2o"/>
      </Unit>
      <Unit filename="/home/magic/h2o-mphttp/deps/brotli/c/enc/backward_references_hq.c">
         <Option target="t-00unit-evloop.t"/>
         <Option target="h2o"/>
      </Unit>
      <Unit filename="/home/magic/h2o-mphttp/deps/brotli/c/enc/backward_references_hq.h">
         <Option target="t-00unit-evloop.t"/>
         <Option target="h2o"/>
      </Unit>
      <Unit filename="/home/magic/h2o-mphttp/deps/brotli/c/enc/bit_cost.c">
         <Option target="t-00unit-evloop.t"/>
         <Option target="h2o"/>
      </Unit>
      <Unit filename="/home/magic/h2o-mphttp/deps/brotli/c/enc/bit_cost.h">
         <Option target="t-00unit-evloop.t"/>
         <Option target="h2o"/>
      </Unit>
      <Unit filename="/home/magic/h2o-mphttp/deps/brotli/c/enc/block_splitter.c">
         <Option target="t-00unit-evloop.t"/>
         <Option target="h2o"/>
      </Unit>
      <Unit filename="/home/magic/h2o-mphttp/deps/brotli/c/enc/block_splitter.h">
         <Option target="t-00unit-evloop.t"/>
         <Option target="h2o"/>
      </Unit>
      <Unit filename="/home/magic/h2o-mphttp/deps/brotli/c/enc/brotli_bit_stream.c">
         <Option target="t-00unit-evloop.t"/>
         <Option target="h2o"/>
      </Unit>
      <Unit filename="/home/magic/h2o-mphttp/deps/brotli/c/enc/brotli_bit_stream.h">
         <Option target="t-00unit-evloop.t"/>
         <Option target="h2o"/>
      </Unit>
      <Unit filename="/home/magic/h2o-mphttp/deps/brotli/c/enc/cluster.c">
         <Option target="t-00unit-evloop.t"/>
         <Option target="h2o"/>
      </Unit>
      <Unit filename="/home/magic/h2o-mphttp/deps/brotli/c/enc/cluster.h">
         <Option target="t-00unit-evloop.t"/>
         <Option target="h2o"/>
      </Unit>
      <Unit filename="/home/magic/h2o-mphttp/deps/brotli/c/enc/compress_fragment.c">
         <Option target="t-00unit-evloop.t"/>
         <Option target="h2o"/>
      </Unit>
      <Unit filename="/home/magic/h2o-mphttp/deps/brotli/c/enc/compress_fragment.h">
         <Option target="t-00unit-evloop.t"/>
         <Option target="h2o"/>
      </Unit>
      <Unit filename="/home/magic/h2o-mphttp/deps/brotli/c/enc/compress_fragment_two_pass.c">
         <Option target="t-00unit-evloop.t"/>
         <Option target="h2o"/>
      </Unit>
      <Unit filename="/home/magic/h2o-mphttp/deps/brotli/c/enc/compress_fragment_two_pass.h">
         <Option target="t-00unit-evloop.t"/>
         <Option target="h2o"/>
      </Unit>
      <Unit filename="/home/magic/h2o-mphttp/deps/brotli/c/enc/dictionary_hash.c">
         <Option target="t-00unit-evloop.t"/>
         <Option target="h2o"/>
      </Unit>
      <Unit filename="/home/magic/h2o-mphttp/deps/brotli/c/enc/dictionary_hash.h">
         <Option target="t-00unit-evloop.t"/>
         <Option target="h2o"/>
      </Unit>
      <Unit filename="/home/magic/h2o-mphttp/deps/brotli/c/enc/encode.c">
         <Option target="t-00unit-evloop.t"/>
         <Option target="h2o"/>
      </Unit>
      <Unit filename="/home/magic/h2o-mphttp/deps/brotli/c/enc/entropy_encode.c">
         <Option target="t-00unit-evloop.t"/>
         <Option target="h2o"/>
      </Unit>
      <Unit filename="/home/magic/h2o-mphttp/deps/brotli/c/enc/entropy_encode.h">
         <Option target="t-00unit-evloop.t"/>
         <Option target="h2o"/>
      </Unit>
      <Unit filename="/home/magic/h2o-mphttp/deps/brotli/c/enc/histogram.c">
         <Option target="t-00unit-evloop.t"/>
         <Option target="h2o"/>
      </Unit>
      <Unit filename="/home/magic/h2o-mphttp/deps/brotli/c/enc/histogram.h">
         <Option target="t-00unit-evloop.t"/>
         <Option target="h2o"/>
      </Unit>
      <Unit filename="/home/magic/h2o-mphttp/deps/brotli/c/enc/literal_cost.c">
         <Option target="t-00unit-evloop.t"/>
         <Option target="h2o"/>
      </Unit>
      <Unit filename="/home/magic/h2o-mphttp/deps/brotli/c/enc/literal_cost.h">
         <Option target="t-00unit-evloop.t"/>
         <Option target="h2o"/>
      </Unit>
      <Unit filename="/home/magic/h2o-mphttp/deps/brotli/c/enc/memory.c">
         <Option target="t-00unit-evloop.t"/>
         <Option target="h2o"/>
      </Unit>
      <Unit filename="/home/magic/h2o-mphttp/deps/brotli/c/enc/memory.h">
         <Option target="t-00unit-evloop.t"/>
         <Option target="h2o"/>
      </Unit>
      <Unit filename="/home/magic/h2o-mphttp/deps/brotli/c/enc/metablock.c">
         <Option target="t-00unit-evloop.t"/>
         <Option target="h2o"/>
      </Unit>
      <Unit filename="/home/magic/h2o-mphttp/deps/brotli/c/enc/metablock.h">
         <Option target="t-00unit-evloop.t"/>
         <Option target="h2o"/>
      </Unit>
      <Unit filename="/home/magic/h2o-mphttp/deps/brotli/c/enc/static_dict.c">
         <Option target="t-00unit-evloop.t"/>
         <Option target="h2o"/>
      </Unit>
      <Unit filename="/home/magic/h2o-mphttp/deps/brotli/c/enc/static_dict.h">
         <Option target="t-00unit-evloop.t"/>
         <Option target="h2o"/>
      </Unit>
      <Unit filename="/home/magic/h2o-mphttp/deps/brotli/c/enc/utf8_util.c">
         <Option target="t-00unit-evloop.t"/>
         <Option target="h2o"/>
      </Unit>
      <Unit filename="/home/magic/h2o-mphttp/deps/brotli/c/enc/utf8_util.h">
         <Option target="t-00unit-evloop.t"/>
         <Option target="h2o"/>
      </Unit>
      <Unit filename="/home/magic/h2o-mphttp/deps/cloexec/cloexec.c">
         <Option target="libh2o-evloop"/>
         <Option target="libh2o"/>
         <Option target="t-00unit-evloop.t"/>
         <Option target="h2o"/>
      </Unit>
      <Unit filename="/home/magic/h2o-mphttp/deps/cloexec/cloexec.h">
         <Option target="libh2o-evloop"/>
         <Option target="libh2o"/>
         <Option target="t-00unit-evloop.t"/>
         <Option target="h2o"/>
      </Unit>
      <Unit filename="/home/magic/h2o-mphttp/deps/hiredis/async.c">
         <Option target="libh2o-evloop"/>
         <Option target="libh2o"/>
         <Option target="t-00unit-evloop.t"/>
         <Option target="h2o"/>
      </Unit>
      <Unit filename="/home/magic/h2o-mphttp/deps/hiredis/async.h">
         <Option target="libh2o-evloop"/>
         <Option target="libh2o"/>
         <Option target="t-00unit-evloop.t"/>
         <Option target="h2o"/>
      </Unit>
      <Unit filename="/home/magic/h2o-mphttp/deps/hiredis/hiredis.c">
         <Option target="libh2o-evloop"/>
         <Option target="libh2o"/>
         <Option target="t-00unit-evloop.t"/>
         <Option target="h2o"/>
      </Unit>
      <Unit filename="/home/magic/h2o-mphttp/deps/hiredis/hiredis.h">
         <Option target="libh2o-evloop"/>
         <Option target="libh2o"/>
         <Option target="t-00unit-evloop.t"/>
         <Option target="h2o"/>
      </Unit>
      <Unit filename="/home/magic/h2o-mphttp/deps/hiredis/net.c">
         <Option target="libh2o-evloop"/>
         <Option target="libh2o"/>
         <Option target="t-00unit-evloop.t"/>
         <Option target="h2o"/>
      </Unit>
      <Unit filename="/home/magic/h2o-mphttp/deps/hiredis/net.h">
         <Option target="libh2o-evloop"/>
         <Option target="libh2o"/>
         <Option target="t-00unit-evloop.t"/>
         <Option target="h2o"/>
      </Unit>
      <Unit filename="/home/magic/h2o-mphttp/deps/hiredis/read.c">
         <Option target="libh2o-evloop"/>
         <Option target="libh2o"/>
         <Option target="t-00unit-evloop.t"/>
         <Option target="h2o"/>
      </Unit>
      <Unit filename="/home/magic/h2o-mphttp/deps/hiredis/read.h">
         <Option target="libh2o-evloop"/>
         <Option target="libh2o"/>
         <Option target="t-00unit-evloop.t"/>
         <Option target="h2o"/>
      </Unit>
      <Unit filename="/home/magic/h2o-mphttp/deps/hiredis/sds.c">
         <Option target="libh2o-evloop"/>
         <Option target="libh2o"/>
         <Option target="t-00unit-evloop.t"/>
         <Option target="h2o"/>
      </Unit>
      <Unit filename="/home/magic/h2o-mphttp/deps/hiredis/sds.h">
         <Option target="libh2o-evloop"/>
         <Option target="libh2o"/>
         <Option target="t-00unit-evloop.t"/>
         <Option target="h2o"/>
      </Unit>
      <Unit filename="/home/magic/h2o-mphttp/deps/libgkc/gkc.c">
         <Option target="libh2o-evloop"/>
         <Option target="libh2o"/>
         <Option target="t-00unit-evloop.t"/>
         <Option target="h2o"/>
      </Unit>
      <Unit filename="/home/magic/h2o-mphttp/deps/libgkc/gkc.h">
         <Option target="libh2o-evloop"/>
         <Option target="libh2o"/>
         <Option target="t-00unit-evloop.t"/>
         <Option target="h2o"/>
      </Unit>
      <Unit filename="/home/magic/h2o-mphttp/deps/libyrmcds/close.c">
         <Option target="libh2o-evloop"/>
         <Option target="libh2o"/>
         <Option target="t-00unit-evloop.t"/>
         <Option target="h2o"/>
      </Unit>
      <Unit filename="/home/magic/h2o-mphttp/deps/libyrmcds/connect.c">
         <Option target="libh2o-evloop"/>
         <Option target="libh2o"/>
         <Option target="t-00unit-evloop.t"/>
         <Option target="h2o"/>
      </Unit>
      <Unit filename="/home/magic/h2o-mphttp/deps/libyrmcds/recv.c">
         <Option target="libh2o-evloop"/>
         <Option target="libh2o"/>
         <Option target="t-00unit-evloop.t"/>
         <Option target="h2o"/>
      </Unit>
      <Unit filename="/home/magic/h2o-mphttp/deps/libyrmcds/send.c">
         <Option target="libh2o-evloop"/>
         <Option target="libh2o"/>
         <Option target="t-00unit-evloop.t"/>
         <Option target="h2o"/>
      </Unit>
      <Unit filename="/home/magic/h2o-mphttp/deps/libyrmcds/send_text.c">
         <Option target="libh2o-evloop"/>
         <Option target="libh2o"/>
         <Option target="t-00unit-evloop.t"/>
         <Option target="h2o"/>
      </Unit>
      <Unit filename="/home/magic/h2o-mphttp/deps/libyrmcds/socket.c">
         <Option target="libh2o-evloop"/>
         <Option target="libh2o"/>
         <Option target="t-00unit-evloop.t"/>
         <Option target="h2o"/>
      </Unit>
      <Unit filename="/home/magic/h2o-mphttp/deps/libyrmcds/strerror.c">
         <Option target="libh2o-evloop"/>
         <Option target="libh2o"/>
         <Option target="t-00unit-evloop.t"/>
         <Option target="h2o"/>
      </Unit>
      <Unit filename="/home/magic/h2o-mphttp/deps/libyrmcds/text_mode.c">
         <Option target="libh2o-evloop"/>
         <Option target="libh2o"/>
         <Option target="t-00unit-evloop.t"/>
         <Option target="h2o"/>
      </Unit>
      <Unit filename="/home/magic/h2o-mphttp/deps/neverbleed/neverbleed.c">
         <Option target="h2o"/>
      </Unit>
      <Unit filename="/home/magic/h2o-mphttp/deps/neverbleed/neverbleed.h">
         <Option target="h2o"/>
      </Unit>
      <Unit filename="/home/magic/h2o-mphttp/deps/picohttpparser/picohttpparser.c">
         <Option target="libh2o-evloop"/>
         <Option target="libh2o"/>
         <Option target="t-00unit-evloop.t"/>
         <Option target="h2o"/>
      </Unit>
      <Unit filename="/home/magic/h2o-mphttp/deps/picohttpparser/picohttpparser.h">
         <Option target="libh2o-evloop"/>
         <Option target="libh2o"/>
         <Option target="t-00unit-evloop.t"/>
         <Option target="h2o"/>
      </Unit>
      <Unit filename="/home/magic/h2o-mphttp/deps/picotest/picotest.c">
         <Option target="t-00unit-evloop.t"/>
      </Unit>
      <Unit filename="/home/magic/h2o-mphttp/deps/picotest/picotest.h">
         <Option target="t-00unit-evloop.t"/>
      </Unit>
      <Unit filename="/home/magic/h2o-mphttp/deps/picotls/deps/cifra/src/blockwise.c">
         <Option target="libh2o-evloop"/>
         <Option target="libh2o"/>
         <Option target="t-00unit-evloop.t"/>
         <Option target="h2o"/>
      </Unit>
      <Unit filename="/home/magic/h2o-mphttp/deps/picotls/deps/cifra/src/blockwise.h">
         <Option target="libh2o-evloop"/>
         <Option target="libh2o"/>
         <Option target="t-00unit-evloop.t"/>
         <Option target="h2o"/>
      </Unit>
      <Unit filename="/home/magic/h2o-mphttp/deps/picotls/deps/cifra/src/chash.c">
         <Option target="libh2o-evloop"/>
         <Option target="libh2o"/>
         <Option target="t-00unit-evloop.t"/>
         <Option target="h2o"/>
      </Unit>
      <Unit filename="/home/magic/h2o-mphttp/deps/picotls/deps/cifra/src/chash.h">
         <Option target="libh2o-evloop"/>
         <Option target="libh2o"/>
         <Option target="t-00unit-evloop.t"/>
         <Option target="h2o"/>
      </Unit>
      <Unit filename="/home/magic/h2o-mphttp/deps/picotls/deps/cifra/src/curve25519.c">
         <Option target="libh2o-evloop"/>
         <Option target="libh2o"/>
         <Option target="t-00unit-evloop.t"/>
         <Option target="h2o"/>
      </Unit>
      <Unit filename="/home/magic/h2o-mphttp/deps/picotls/deps/cifra/src/curve25519.h">
         <Option target="libh2o-evloop"/>
         <Option target="libh2o"/>
         <Option target="t-00unit-evloop.t"/>
         <Option target="h2o"/>
      </Unit>
      <Unit filename="/home/magic/h2o-mphttp/deps/picotls/deps/cifra/src/drbg.c">
         <Option target="libh2o-evloop"/>
         <Option target="libh2o"/>
         <Option target="t-00unit-evloop.t"/>
         <Option target="h2o"/>
      </Unit>
      <Unit filename="/home/magic/h2o-mphttp/deps/picotls/deps/cifra/src/drbg.h">
         <Option target="libh2o-evloop"/>
         <Option target="libh2o"/>
         <Option target="t-00unit-evloop.t"/>
         <Option target="h2o"/>
      </Unit>
      <Unit filename="/home/magic/h2o-mphttp/deps/picotls/deps/cifra/src/hmac.c">
         <Option target="libh2o-evloop"/>
         <Option target="libh2o"/>
         <Option target="t-00unit-evloop.t"/>
         <Option target="h2o"/>
      </Unit>
      <Unit filename="/home/magic/h2o-mphttp/deps/picotls/deps/cifra/src/hmac.h">
         <Option target="libh2o-evloop"/>
         <Option target="libh2o"/>
         <Option target="t-00unit-evloop.t"/>
         <Option target="h2o"/>
      </Unit>
      <Unit filename="/home/magic/h2o-mphttp/deps/picotls/deps/cifra/src/sha256.c">
         <Option target="libh2o-evloop"/>
         <Option target="libh2o"/>
         <Option target="t-00unit-evloop.t"/>
         <Option target="h2o"/>
      </Unit>
      <Unit filename="/home/magic/h2o-mphttp/deps/picotls/lib/cifra/random.c">
         <Option target="libh2o-evloop"/>
         <Option target="libh2o"/>
         <Option target="t-00unit-evloop.t"/>
         <Option target="h2o"/>
      </Unit>
      <Unit filename="/home/magic/h2o-mphttp/deps/picotls/lib/cifra/x25519.c">
         <Option target="libh2o-evloop"/>
         <Option target="libh2o"/>
         <Option target="t-00unit-evloop.t"/>
         <Option target="h2o"/>
      </Unit>
      <Unit filename="/home/magic/h2o-mphttp/deps/picotls/lib/openssl.c">
         <Option target="libh2o-evloop"/>
         <Option target="libh2o"/>
         <Option target="t-00unit-evloop.t"/>
         <Option target="h2o"/>
      </Unit>
      <Unit filename="/home/magic/h2o-mphttp/deps/picotls/lib/picotls.c">
         <Option target="libh2o-evloop"/>
         <Option target="libh2o"/>
         <Option target="t-00unit-evloop.t"/>
         <Option target="h2o"/>
      </Unit>
      <Unit filename="/home/magic/h2o-mphttp/deps/quicly/lib/cc-reno.c">
         <Option target="libh2o-evloop"/>
         <Option target="libh2o"/>
         <Option target="t-00unit-evloop.t"/>
         <Option target="h2o"/>
      </Unit>
      <Unit filename="/home/magic/h2o-mphttp/deps/quicly/lib/defaults.c">
         <Option target="libh2o-evloop"/>
         <Option target="libh2o"/>
         <Option target="t-00unit-evloop.t"/>
         <Option target="h2o"/>
      </Unit>
      <Unit filename="/home/magic/h2o-mphttp/deps/quicly/lib/frame.c">
         <Option target="libh2o-evloop"/>
         <Option target="libh2o"/>
         <Option target="t-00unit-evloop.t"/>
         <Option target="h2o"/>
      </Unit>
      <Unit filename="/home/magic/h2o-mphttp/deps/quicly/lib/quicly.c">
         <Option target="libh2o-evloop"/>
         <Option target="libh2o"/>
         <Option target="t-00unit-evloop.t"/>
         <Option target="h2o"/>
      </Unit>
      <Unit filename="/home/magic/h2o-mphttp/deps/quicly/lib/ranges.c">
         <Option target="libh2o-evloop"/>
         <Option target="libh2o"/>
         <Option target="t-00unit-evloop.t"/>
         <Option target="h2o"/>
      </Unit>
      <Unit filename="/home/magic/h2o-mphttp/deps/quicly/lib/recvstate.c">
         <Option target="libh2o-evloop"/>
         <Option target="libh2o"/>
         <Option target="t-00unit-evloop.t"/>
         <Option target="h2o"/>
      </Unit>
      <Unit filename="/home/magic/h2o-mphttp/deps/quicly/lib/sendstate.c">
         <Option target="libh2o-evloop"/>
         <Option target="libh2o"/>
         <Option target="t-00unit-evloop.t"/>
         <Option target="h2o"/>
      </Unit>
      <Unit filename="/home/magic/h2o-mphttp/deps/quicly/lib/sentmap.c">
         <Option target="libh2o-evloop"/>
         <Option target="libh2o"/>
         <Option target="t-00unit-evloop.t"/>
         <Option target="h2o"/>
      </Unit>
      <Unit filename="/home/magic/h2o-mphttp/deps/quicly/lib/streambuf.c">
         <Option target="libh2o-evloop"/>
         <Option target="libh2o"/>
         <Option target="t-00unit-evloop.t"/>
         <Option target="h2o"/>
      </Unit>
      <Unit filename="/home/magic/h2o-mphttp/deps/yaml/src/api.c">
         <Option target="t-00unit-evloop.t"/>
         <Option target="h2o"/>
      </Unit>
      <Unit filename="/home/magic/h2o-mphttp/deps/yaml/src/dumper.c">
         <Option target="t-00unit-evloop.t"/>
         <Option target="h2o"/>
      </Unit>
      <Unit filename="/home/magic/h2o-mphttp/deps/yaml/src/emitter.c">
         <Option target="t-00unit-evloop.t"/>
         <Option target="h2o"/>
      </Unit>
      <Unit filename="/home/magic/h2o-mphttp/deps/yaml/src/loader.c">
         <Option target="t-00unit-evloop.t"/>
         <Option target="h2o"/>
      </Unit>
      <Unit filename="/home/magic/h2o-mphttp/deps/yaml/src/parser.c">
         <Option target="t-00unit-evloop.t"/>
         <Option target="h2o"/>
      </Unit>
      <Unit filename="/home/magic/h2o-mphttp/deps/yaml/src/reader.c">
         <Option target="t-00unit-evloop.t"/>
         <Option target="h2o"/>
      </Unit>
      <Unit filename="/home/magic/h2o-mphttp/deps/yaml/src/scanner.c">
         <Option target="t-00unit-evloop.t"/>
         <Option target="h2o"/>
      </Unit>
      <Unit filename="/home/magic/h2o-mphttp/deps/yaml/src/writer.c">
         <Option target="t-00unit-evloop.t"/>
         <Option target="h2o"/>
      </Unit>
      <Unit filename="/home/magic/h2o-mphttp/lib/common/balancer/least_conn.c">
         <Option target="libh2o-evloop"/>
         <Option target="libh2o"/>
         <Option target="h2o"/>
      </Unit>
      <Unit filename="/home/magic/h2o-mphttp/lib/common/balancer/roundrobin.c">
         <Option target="libh2o-evloop"/>
         <Option target="libh2o"/>
         <Option target="h2o"/>
      </Unit>
      <Unit filename="/home/magic/h2o-mphttp/lib/common/cache.c">
         <Option target="libh2o-evloop"/>
         <Option target="libh2o"/>
         <Option target="h2o"/>
      </Unit>
      <Unit filename="/home/magic/h2o-mphttp/lib/common/file.c">
         <Option target="libh2o-evloop"/>
         <Option target="libh2o"/>
         <Option target="t-00unit-evloop.t"/>
         <Option target="h2o"/>
      </Unit>
      <Unit filename="/home/magic/h2o-mphttp/lib/common/filecache.c">
         <Option target="libh2o-evloop"/>
         <Option target="libh2o"/>
         <Option target="t-00unit-evloop.t"/>
         <Option target="h2o"/>
      </Unit>
      <Unit filename="/home/magic/h2o-mphttp/lib/common/hostinfo.c">
         <Option target="libh2o-evloop"/>
         <Option target="libh2o"/>
         <Option target="h2o"/>
      </Unit>
      <Unit filename="/home/magic/h2o-mphttp/lib/common/http1client.c">
         <Option target="libh2o-evloop"/>
         <Option target="libh2o"/>
         <Option target="t-00unit-evloop.t"/>
         <Option target="h2o"/>
      </Unit>
      <Unit filename="/home/magic/h2o-mphttp/lib/common/http2client.c">
         <Option target="libh2o-evloop"/>
         <Option target="libh2o"/>
         <Option target="t-00unit-evloop.t"/>
         <Option target="h2o"/>
      </Unit>
      <Unit filename="/home/magic/h2o-mphttp/lib/common/http3client.c">
         <Option target="libh2o-evloop"/>
         <Option target="libh2o"/>
         <Option target="t-00unit-evloop.t"/>
         <Option target="h2o"/>
      </Unit>
      <Unit filename="/home/magic/h2o-mphttp/lib/common/httpclient.c">
         <Option target="libh2o-evloop"/>
         <Option target="libh2o"/>
         <Option target="h2o"/>
      </Unit>
      <Unit filename="/home/magic/h2o-mphttp/lib/common/memcached.c">
         <Option target="libh2o-evloop"/>
         <Option target="libh2o"/>
         <Option target="t-00unit-evloop.t"/>
         <Option target="h2o"/>
      </Unit>
      <Unit filename="/home/magic/h2o-mphttp/lib/common/memory.c">
         <Option target="libh2o-evloop"/>
         <Option target="libh2o"/>
         <Option target="t-00unit-evloop.t"/>
         <Option target="h2o"/>
      </Unit>
      <Unit filename="/home/magic/h2o-mphttp/lib/common/mphttp2client.c">
         <Option target="libh2o-evloop"/>
         <Option target="libh2o"/>
         <Option target="t-00unit-evloop.t"/>
         <Option target="h2o"/>
      </Unit>
      <Unit filename="/home/magic/h2o-mphttp/lib/common/multithread.c">
         <Option target="libh2o-evloop"/>
         <Option target="libh2o"/>
         <Option target="h2o"/>
      </Unit>
      <Unit filename="/home/magic/h2o-mphttp/lib/common/rangeclient.c">
         <Option target="libh2o-evloop"/>
         <Option target="libh2o"/>
         <Option target="t-00unit-evloop.t"/>
         <Option target="h2o"/>
      </Unit>
      <Unit filename="/home/magic/h2o-mphttp/lib/common/redis.c">
         <Option target="libh2o-evloop"/>
         <Option target="libh2o"/>
         <Option target="t-00unit-evloop.t"/>
         <Option target="h2o"/>
      </Unit>
      <Unit filename="/home/magic/h2o-mphttp/lib/common/serverutil.c">
         <Option target="libh2o-evloop"/>
         <Option target="libh2o"/>
         <Option target="h2o"/>
      </Unit>
      <Unit filename="/home/magic/h2o-mphttp/lib/common/socket.c">
         <Option target="libh2o-evloop"/>
         <Option target="libh2o"/>
         <Option target="h2o"/>
      </Unit>
      <Unit filename="/home/magic/h2o-mphttp/lib/common/socketpool.c">
         <Option target="libh2o-evloop"/>
         <Option target="libh2o"/>
         <Option target="t-00unit-evloop.t"/>
         <Option target="h2o"/>
      </Unit>
      <Unit filename="/home/magic/h2o-mphttp/lib/common/string.c">
         <Option target="libh2o-evloop"/>
         <Option target="libh2o"/>
         <Option target="h2o"/>
      </Unit>
      <Unit filename="/home/magic/h2o-mphttp/lib/common/time.c">
         <Option target="libh2o-evloop"/>
         <Option target="libh2o"/>
         <Option target="h2o"/>
      </Unit>
      <Unit filename="/home/magic/h2o-mphttp/lib/common/timerwheel.c">
         <Option target="libh2o-evloop"/>
         <Option target="libh2o"/>
         <Option target="h2o"/>
      </Unit>
      <Unit filename="/home/magic/h2o-mphttp/lib/common/token.c">
         <Option target="libh2o-evloop"/>
         <Option target="libh2o"/>
         <Option target="t-00unit-evloop.t"/>
         <Option target="h2o"/>
      </Unit>
      <Unit filename="/home/magic/h2o-mphttp/lib/common/url.c">
         <Option target="libh2o-evloop"/>
         <Option target="libh2o"/>
         <Option target="h2o"/>
      </Unit>
      <Unit filename="/home/magic/h2o-mphttp/lib/core/config.c">
         <Option target="libh2o-evloop"/>
         <Option target="libh2o"/>
         <Option target="t-00unit-evloop.t"/>
         <Option target="h2o"/>
      </Unit>
      <Unit filename="/home/magic/h2o-mphttp/lib/core/configurator.c">
         <Option target="libh2o-evloop"/>
         <Option target="libh2o"/>
         <Option target="t-00unit-evloop.t"/>
         <Option target="h2o"/>
      </Unit>
      <Unit filename="/home/magic/h2o-mphttp/lib/core/context.c">
         <Option target="libh2o-evloop"/>
         <Option target="libh2o"/>
         <Option target="t-00unit-evloop.t"/>
         <Option target="h2o"/>
      </Unit>
      <Unit filename="/home/magic/h2o-mphttp/lib/core/headers.c">
         <Option target="libh2o-evloop"/>
         <Option target="libh2o"/>
         <Option target="h2o"/>
      </Unit>
      <Unit filename="/home/magic/h2o-mphttp/lib/core/logconf.c">
         <Option target="libh2o-evloop"/>
         <Option target="libh2o"/>
         <Option target="t-00unit-evloop.t"/>
         <Option target="h2o"/>
      </Unit>
      <Unit filename="/home/magic/h2o-mphttp/lib/core/proxy.c">
         <Option target="libh2o-evloop"/>
         <Option target="libh2o"/>
         <Option target="h2o"/>
      </Unit>
      <Unit filename="/home/magic/h2o-mphttp/lib/core/request.c">
         <Option target="libh2o-evloop"/>
         <Option target="libh2o"/>
         <Option target="t-00unit-evloop.t"/>
         <Option target="h2o"/>
      </Unit>
      <Unit filename="/home/magic/h2o-mphttp/lib/core/util.c">
         <Option target="libh2o-evloop"/>
         <Option target="libh2o"/>
         <Option target="h2o"/>
      </Unit>
      <Unit filename="/home/magic/h2o-mphttp/lib/handler/access_log.c">
         <Option target="libh2o-evloop"/>
         <Option target="libh2o"/>
         <Option target="t-00unit-evloop.t"/>
         <Option target="h2o"/>
      </Unit>
      <Unit filename="/home/magic/h2o-mphttp/lib/handler/compress.c">
         <Option target="libh2o-evloop"/>
         <Option target="libh2o"/>
         <Option target="h2o"/>
      </Unit>
      <Unit filename="/home/magic/h2o-mphttp/lib/handler/compress/brotli.c">
         <Option target="t-00unit-evloop.t"/>
         <Option target="h2o"/>
      </Unit>
      <Unit filename="/home/magic/h2o-mphttp/lib/handler/compress/gzip.c">
         <Option target="libh2o-evloop"/>
         <Option target="libh2o"/>
         <Option target="h2o"/>
      </Unit>
      <Unit filename="/home/magic/h2o-mphttp/lib/handler/configurator/access_log.c">
         <Option target="libh2o-evloop"/>
         <Option target="libh2o"/>
         <Option target="t-00unit-evloop.t"/>
         <Option target="h2o"/>
      </Unit>
      <Unit filename="/home/magic/h2o-mphttp/lib/handler/configurator/compress.c">
         <Option target="libh2o-evloop"/>
         <Option target="libh2o"/>
         <Option target="t-00unit-evloop.t"/>
         <Option target="h2o"/>
      </Unit>
      <Unit filename="/home/magic/h2o-mphttp/lib/handler/configurator/errordoc.c">
         <Option target="libh2o-evloop"/>
         <Option target="libh2o"/>
         <Option target="t-00unit-evloop.t"/>
         <Option target="h2o"/>
      </Unit>
      <Unit filename="/home/magic/h2o-mphttp/lib/handler/configurator/expires.c">
         <Option target="libh2o-evloop"/>
         <Option target="libh2o"/>
         <Option target="t-00unit-evloop.t"/>
         <Option target="h2o"/>
      </Unit>
      <Unit filename="/home/magic/h2o-mphttp/lib/handler/configurator/fastcgi.c">
         <Option target="libh2o-evloop"/>
         <Option target="libh2o"/>
         <Option target="t-00unit-evloop.t"/>
         <Option target="h2o"/>
      </Unit>
      <Unit filename="/home/magic/h2o-mphttp/lib/handler/configurator/file.c">
         <Option target="libh2o-evloop"/>
         <Option target="libh2o"/>
         <Option target="t-00unit-evloop.t"/>
         <Option target="h2o"/>
      </Unit>
      <Unit filename="/home/magic/h2o-mphttp/lib/handler/configurator/headers.c">
         <Option target="libh2o-evloop"/>
         <Option target="libh2o"/>
         <Option target="t-00unit-evloop.t"/>
         <Option target="h2o"/>
      </Unit>
      <Unit filename="/home/magic/h2o-mphttp/lib/handler/configurator/headers_util.c">
         <Option target="libh2o-evloop"/>
         <Option target="libh2o"/>
         <Option target="t-00unit-evloop.t"/>
         <Option target="h2o"/>
      </Unit>
      <Unit filename="/home/magic/h2o-mphttp/lib/handler/configurator/http2_debug_state.c">
         <Option target="libh2o-evloop"/>
         <Option target="libh2o"/>
         <Option target="t-00unit-evloop.t"/>
         <Option target="h2o"/>
      </Unit>
      <Unit filename="/home/magic/h2o-mphttp/lib/handler/configurator/proxy.c">
         <Option target="libh2o-evloop"/>
         <Option target="libh2o"/>
         <Option target="t-00unit-evloop.t"/>
         <Option target="h2o"/>
      </Unit>
      <Unit filename="/home/magic/h2o-mphttp/lib/handler/configurator/redirect.c">
         <Option target="libh2o-evloop"/>
         <Option target="libh2o"/>
         <Option target="t-00unit-evloop.t"/>
         <Option target="h2o"/>
      </Unit>
      <Unit filename="/home/magic/h2o-mphttp/lib/handler/configurator/reproxy.c">
         <Option target="libh2o-evloop"/>
         <Option target="libh2o"/>
         <Option target="t-00unit-evloop.t"/>
         <Option target="h2o"/>
      </Unit>
      <Unit filename="/home/magic/h2o-mphttp/lib/handler/configurator/server_timing.c">
         <Option target="libh2o-evloop"/>
         <Option target="libh2o"/>
         <Option target="t-00unit-evloop.t"/>
         <Option target="h2o"/>
      </Unit>
      <Unit filename="/home/magic/h2o-mphttp/lib/handler/configurator/status.c">
         <Option target="libh2o-evloop"/>
         <Option target="libh2o"/>
         <Option target="t-00unit-evloop.t"/>
         <Option target="h2o"/>
      </Unit>
      <Unit filename="/home/magic/h2o-mphttp/lib/handler/configurator/throttle_resp.c">
         <Option target="libh2o-evloop"/>
         <Option target="libh2o"/>
         <Option target="t-00unit-evloop.t"/>
         <Option target="h2o"/>
      </Unit>
      <Unit filename="/home/magic/h2o-mphttp/lib/handler/errordoc.c">
         <Option target="libh2o-evloop"/>
         <Option target="libh2o"/>
         <Option target="t-00unit-evloop.t"/>
         <Option target="h2o"/>
      </Unit>
      <Unit filename="/home/magic/h2o-mphttp/lib/handler/expires.c">
         <Option target="libh2o-evloop"/>
         <Option target="libh2o"/>
         <Option target="t-00unit-evloop.t"/>
         <Option target="h2o"/>
      </Unit>
      <Unit filename="/home/magic/h2o-mphttp/lib/handler/fastcgi.c">
         <Option target="libh2o-evloop"/>
         <Option target="libh2o"/>
         <Option target="h2o"/>
      </Unit>
      <Unit filename="/home/magic/h2o-mphttp/lib/handler/file.c">
         <Option target="libh2o-evloop"/>
         <Option target="libh2o"/>
         <Option target="h2o"/>
      </Unit>
      <Unit filename="/home/magic/h2o-mphttp/lib/handler/headers.c">
         <Option target="libh2o-evloop"/>
         <Option target="libh2o"/>
         <Option target="h2o"/>
      </Unit>
      <Unit filename="/home/magic/h2o-mphttp/lib/handler/headers_util.c">
         <Option target="libh2o-evloop"/>
         <Option target="libh2o"/>
         <Option target="t-00unit-evloop.t"/>
         <Option target="h2o"/>
      </Unit>
      <Unit filename="/home/magic/h2o-mphttp/lib/handler/http2_debug_state.c">
         <Option target="libh2o-evloop"/>
         <Option target="libh2o"/>
         <Option target="t-00unit-evloop.t"/>
         <Option target="h2o"/>
      </Unit>
      <Unit filename="/home/magic/h2o-mphttp/lib/handler/mimemap.c">
         <Option target="libh2o-evloop"/>
         <Option target="libh2o"/>
         <Option target="h2o"/>
      </Unit>
      <Unit filename="/home/magic/h2o-mphttp/lib/handler/proxy.c">
         <Option target="libh2o-evloop"/>
         <Option target="libh2o"/>
         <Option target="t-00unit-evloop.t"/>
         <Option target="h2o"/>
      </Unit>
      <Unit filename="/home/magic/h2o-mphttp/lib/handler/redirect.c">
         <Option target="libh2o-evloop"/>
         <Option target="libh2o"/>
         <Option target="h2o"/>
      </Unit>
      <Unit filename="/home/magic/h2o-mphttp/lib/handler/reproxy.c">
         <Option target="libh2o-evloop"/>
         <Option target="libh2o"/>
         <Option target="t-00unit-evloop.t"/>
         <Option target="h2o"/>
      </Unit>
      <Unit filename="/home/magic/h2o-mphttp/lib/handler/server_timing.c">
         <Option target="libh2o-evloop"/>
         <Option target="libh2o"/>
         <Option target="t-00unit-evloop.t"/>
         <Option target="h2o"/>
      </Unit>
      <Unit filename="/home/magic/h2o-mphttp/lib/handler/status.c">
         <Option target="libh2o-evloop"/>
         <Option target="libh2o"/>
         <Option target="t-00unit-evloop.t"/>
         <Option target="h2o"/>
      </Unit>
      <Unit filename="/home/magic/h2o-mphttp/lib/handler/status/durations.c">
         <Option target="libh2o-evloop"/>
         <Option target="libh2o"/>
         <Option target="t-00unit-evloop.t"/>
         <Option target="h2o"/>
      </Unit>
      <Unit filename="/home/magic/h2o-mphttp/lib/handler/status/events.c">
         <Option target="libh2o-evloop"/>
         <Option target="libh2o"/>
         <Option target="t-00unit-evloop.t"/>
         <Option target="h2o"/>
      </Unit>
      <Unit filename="/home/magic/h2o-mphttp/lib/handler/status/requests.c">
         <Option target="libh2o-evloop"/>
         <Option target="libh2o"/>
         <Option target="t-00unit-evloop.t"/>
         <Option target="h2o"/>
      </Unit>
      <Unit filename="/home/magic/h2o-mphttp/lib/handler/status/ssl.c">
         <Option target="libh2o-evloop"/>
         <Option target="libh2o"/>
         <Option target="t-00unit-evloop.t"/>
         <Option target="h2o"/>
      </Unit>
      <Unit filename="/home/magic/h2o-mphttp/lib/handler/throttle_resp.c">
         <Option target="libh2o-evloop"/>
         <Option target="libh2o"/>
         <Option target="t-00unit-evloop.t"/>
         <Option target="h2o"/>
      </Unit>
      <Unit filename="/home/magic/h2o-mphttp/lib/http1.c">
         <Option target="libh2o-evloop"/>
         <Option target="libh2o"/>
         <Option target="t-00unit-evloop.t"/>
         <Option target="h2o"/>
      </Unit>
      <Unit filename="/home/magic/h2o-mphttp/lib/http2/cache_digests.c">
         <Option target="libh2o-evloop"/>
         <Option target="libh2o"/>
         <Option target="h2o"/>
      </Unit>
      <Unit filename="/home/magic/h2o-mphttp/lib/http2/casper.c">
         <Option target="libh2o-evloop"/>
         <Option target="libh2o"/>
         <Option target="h2o"/>
      </Unit>
      <Unit filename="/home/magic/h2o-mphttp/lib/http2/connection.c">
         <Option target="libh2o-evloop"/>
         <Option target="libh2o"/>
         <Option target="t-00unit-evloop.t"/>
         <Option target="h2o"/>
      </Unit>
      <Unit filename="/home/magic/h2o-mphttp/lib/http2/frame.c">
         <Option target="libh2o-evloop"/>
         <Option target="libh2o"/>
         <Option target="t-00unit-evloop.t"/>
         <Option target="h2o"/>
      </Unit>
      <Unit filename="/home/magic/h2o-mphttp/lib/http2/hpack.c">
         <Option target="libh2o-evloop"/>
         <Option target="libh2o"/>
         <Option target="h2o"/>
      </Unit>
      <Unit filename="/home/magic/h2o-mphttp/lib/http2/http2_debug_state.c">
         <Option target="libh2o-evloop"/>
         <Option target="libh2o"/>
         <Option target="t-00unit-evloop.t"/>
         <Option target="h2o"/>
      </Unit>
      <Unit filename="/home/magic/h2o-mphttp/lib/http2/scheduler.c">
         <Option target="libh2o-evloop"/>
         <Option target="libh2o"/>
         <Option target="h2o"/>
      </Unit>
      <Unit filename="/home/magic/h2o-mphttp/lib/http2/stream.c">
         <Option target="libh2o-evloop"/>
         <Option target="libh2o"/>
         <Option target="t-00unit-evloop.t"/>
         <Option target="h2o"/>
      </Unit>
      <Unit filename="/home/magic/h2o-mphttp/lib/http3/common.c">
         <Option target="libh2o-evloop"/>
         <Option target="libh2o"/>
         <Option target="t-00unit-evloop.t"/>
         <Option target="h2o"/>
      </Unit>
      <Unit filename="/home/magic/h2o-mphttp/lib/http3/frame.c">
         <Option target="libh2o-evloop"/>
         <Option target="libh2o"/>
         <Option target="h2o"/>
      </Unit>
      <Unit filename="/home/magic/h2o-mphttp/lib/http3/qpack.c">
         <Option target="libh2o-evloop"/>
         <Option target="libh2o"/>
         <Option target="h2o"/>
      </Unit>
      <Unit filename="/home/magic/h2o-mphttp/lib/http3/server.c">
         <Option target="libh2o-evloop"/>
         <Option target="libh2o"/>
         <Option target="t-00unit-evloop.t"/>
         <Option target="h2o"/>
      </Unit>
      <Unit filename="/home/magic/h2o-mphttp/lib/tunnel.c">
         <Option target="libh2o-evloop"/>
         <Option target="libh2o"/>
         <Option target="t-00unit-evloop.t"/>
         <Option target="h2o"/>
      </Unit>
      <Unit filename="/home/magic/h2o-mphttp/src/httpclient.c">
         <Option target="h2o-httpclient"/>
      </Unit>
      <Unit filename="/home/magic/h2o-mphttp/src/main.c">
         <Option target="h2o"/>
      </Unit>
      <Unit filename="/home/magic/h2o-mphttp/src/mphttp.c">
         <Option target="h2o-mphttp"/>
      </Unit>
      <Unit filename="/home/magic/h2o-mphttp/src/ssl.c">
         <Option target="h2o"/>
      </Unit>
      <Unit filename="/home/magic/h2o-mphttp/t/00unit/issues/293.c">
         <Option target="t-00unit-evloop.t"/>
      </Unit>
      <Unit filename="/home/magic/h2o-mphttp/t/00unit/issues/percent-encode-zero-byte.c">
         <Option target="t-00unit-evloop.t"/>
      </Unit>
      <Unit filename="/home/magic/h2o-mphttp/t/00unit/lib/common/balancer/least_conn.c">
         <Option target="t-00unit-evloop.t"/>
      </Unit>
      <Unit filename="/home/magic/h2o-mphttp/t/00unit/lib/common/balancer/roundrobin.c">
         <Option target="t-00unit-evloop.t"/>
      </Unit>
      <Unit filename="/home/magic/h2o-mphttp/t/00unit/lib/common/cache.c">
         <Option target="t-00unit-evloop.t"/>
      </Unit>
      <Unit filename="/home/magic/h2o-mphttp/t/00unit/lib/common/hostinfo.c">
         <Option target="t-00unit-evloop.t"/>
      </Unit>
      <Unit filename="/home/magic/h2o-mphttp/t/00unit/lib/common/httpclient.c">
         <Option target="t-00unit-evloop.t"/>
      </Unit>
      <Unit filename="/home/magic/h2o-mphttp/t/00unit/lib/common/multithread.c">
         <Option target="t-00unit-evloop.t"/>
      </Unit>
      <Unit filename="/home/magic/h2o-mphttp/t/00unit/lib/common/serverutil.c">
         <Option target="t-00unit-evloop.t"/>
      </Unit>
      <Unit filename="/home/magic/h2o-mphttp/t/00unit/lib/common/socket.c">
         <Option target="t-00unit-evloop.t"/>
      </Unit>
      <Unit filename="/home/magic/h2o-mphttp/t/00unit/lib/common/string.c">
         <Option target="t-00unit-evloop.t"/>
      </Unit>
      <Unit filename="/home/magic/h2o-mphttp/t/00unit/lib/common/time.c">
         <Option target="t-00unit-evloop.t"/>
      </Unit>
      <Unit filename="/home/magic/h2o-mphttp/t/00unit/lib/common/timerwheel.c">
         <Option target="t-00unit-evloop.t"/>
      </Unit>
      <Unit filename="/home/magic/h2o-mphttp/t/00unit/lib/common/url.c">
         <Option target="t-00unit-evloop.t"/>
      </Unit>
      <Unit filename="/home/magic/h2o-mphttp/t/00unit/lib/core/headers.c">
         <Option target="t-00unit-evloop.t"/>
      </Unit>
      <Unit filename="/home/magic/h2o-mphttp/t/00unit/lib/core/proxy.c">
         <Option target="t-00unit-evloop.t"/>
      </Unit>
      <Unit filename="/home/magic/h2o-mphttp/t/00unit/lib/core/util.c">
         <Option target="t-00unit-evloop.t"/>
      </Unit>
      <Unit filename="/home/magic/h2o-mphttp/t/00unit/lib/handler/compress.c">
         <Option target="t-00unit-evloop.t"/>
      </Unit>
      <Unit filename="/home/magic/h2o-mphttp/t/00unit/lib/handler/fastcgi.c">
         <Option target="t-00unit-evloop.t"/>
      </Unit>
      <Unit filename="/home/magic/h2o-mphttp/t/00unit/lib/handler/file.c">
         <Option target="t-00unit-evloop.t"/>
      </Unit>
      <Unit filename="/home/magic/h2o-mphttp/t/00unit/lib/handler/headers.c">
         <Option target="t-00unit-evloop.t"/>
      </Unit>
      <Unit filename="/home/magic/h2o-mphttp/t/00unit/lib/handler/mimemap.c">
         <Option target="t-00unit-evloop.t"/>
      </Unit>
      <Unit filename="/home/magic/h2o-mphttp/t/00unit/lib/handler/redirect.c">
         <Option target="t-00unit-evloop.t"/>
      </Unit>
      <Unit filename="/home/magic/h2o-mphttp/t/00unit/lib/http2/cache_digests.c">
         <Option target="t-00unit-evloop.t"/>
      </Unit>
      <Unit filename="/home/magic/h2o-mphttp/t/00unit/lib/http2/casper.c">
         <Option target="t-00unit-evloop.t"/>
      </Unit>
      <Unit filename="/home/magic/h2o-mphttp/t/00unit/lib/http2/hpack.c">
         <Option target="t-00unit-evloop.t"/>
      </Unit>
      <Unit filename="/home/magic/h2o-mphttp/t/00unit/lib/http2/scheduler.c">
         <Option target="t-00unit-evloop.t"/>
      </Unit>
      <Unit filename="/home/magic/h2o-mphttp/t/00unit/lib/http3/frame.c">
         <Option target="t-00unit-evloop.t"/>
      </Unit>
      <Unit filename="/home/magic/h2o-mphttp/t/00unit/lib/http3/qpack.c">
         <Option target="t-00unit-evloop.t"/>
      </Unit>
      <Unit filename="/home/magic/h2o-mphttp/t/00unit/src/ssl.c">
         <Option target="t-00unit-evloop.t"/>
      </Unit>
      <Unit filename="/home/magic/h2o-mphttp/t/00unit/test.c">
         <Option target="t-00unit-evloop.t"/>
      </Unit>
      <Unit filename="/home/magic/h2o-mphttp/t/00unit/test.h">
         <Option target="t-00unit-evloop.t"/>
      </Unit>
      <Unit filename="/home/magic/h2o-mphttp/t/qif.c">
         <Option target="t-qif"/>
      </Unit>
      <Unit filename="/home/magic/h2o-mphttp/CMakeLists.txt">
          <Option virtualFolder="CMake Files\" />
      </Unit>
      <Unit filename="/home/magic/h2o-mphttp/version.h.in">
          <Option virtualFolder="CMake Files\" />
      </Unit>
      <Unit filename="/home/magic/h2o-mphttp/libh2o.pc.in">
          <Option virtualFolder="CMake Files\" />
      </Unit>
      <Unit filename="/home/magic/h2o-mphttp/libh2o-evloop.pc.in">
          <Option virtualFolder="CMake Files\" />
      </Unit>
      <Unit filename="/home/magic/h2o-mphttp/deps/picotls/cmake/dtrace-utils.cmake">
          <Option virtualFolder="CMake Files\deps\picotls\cmake\" />
      </Unit>
      <Unit filename="/home/magic/h2o-mphttp/cmake/FindLibUV.cmake">
          <Option virtualFolder="CMake Files\cmake\" />
      </Unit>
      <Unit filename="/home/magic/h2o-mphttp/cmake/FindWslay.cmake">
          <Option virtualFolder="CMake Files\cmake\" />
      </Unit>
      <Unit filename="/home/magic/h2o-mphttp/picotls-cli-prefix/tmp/picotls-cli-cfgcmd.txt.in">
          <Option virtualFolder="CMake Files\picotls-cli-prefix\tmp\" />
      </Unit>
   </Project>
</CodeBlocks_project_file>
